
Microsoft Visual Studio Solution File, Format Version 12.00
# Visual Studio Version 17
VisualStudioVersion = 17.12.35527.113
MinimumVisualStudioVersion = 10.0.40219.1
Project("{FAE04EC0-301F-11D3-BF4B-00C04F79EFBC}") = "ProjectManagementAPI", "ProjectManagementAPI\ProjectManagementAPI.csproj", "{4805749F-1FAD-4D77-9674-AD2303D1467C}"
EndProject
Project("{FAE04EC0-301F-11D3-BF4B-00C04F79EFBC}") = "ProjectManagementDomain", "ProjectManagementCore\ProjectManagementDomain.csproj", "{BDA42C9F-2943-4A26-B89A-9F1511969D14}"
EndProject
Project("{FAE04EC0-301F-11D3-BF4B-00C04F79EFBC}") = "ProjectManagementApplication", "ProjectManagementApplication\ProjectManagementApplication.csproj", "{828B6CAD-2692-4055-B91F-36B2F9F7D260}"
EndProject
Project("{FAE04EC0-301F-11D3-BF4B-00C04F79EFBC}") = "ProjectManagementInfrastructure", "ProjectManagementInfrastructure\ProjectManagementInfrastructure.csproj", "{8A4E364B-2C71-4706-8386-98E5DA6AA282}"
EndProject
Global
	GlobalSection(SolutionConfigurationPlatforms) = preSolution
		Debug|Any CPU = Debug|Any CPU
		Release|Any CPU = Release|Any CPU
	EndGlobalSection
	GlobalSection(ProjectConfigurationPlatforms) = postSolution
		{4805749F-1FAD-4D77-9674-AD2303D1467C}.Debug|Any CPU.ActiveCfg = Debug|Any CPU
		{4805749F-1FAD-4D77-9674-AD2303D1467C}.Debug|Any CPU.Build.0 = Debug|Any CPU
		{4805749F-1FAD-4D77-9674-AD2303D1467C}.Release|Any CPU.ActiveCfg = Release|Any CPU
		{4805749F-1FAD-4D77-9674-AD2303D1467C}.Release|Any CPU.Build.0 = Release|Any CPU
		{BDA42C9F-2943-4A26-B89A-9F1511969D14}.Debug|Any CPU.ActiveCfg = Debug|Any CPU
		{BDA42C9F-2943-4A26-B89A-9F1511969D14}.Debug|Any CPU.Build.0 = Debug|Any CPU
		{BDA42C9F-2943-4A26-B89A-9F1511969D14}.Release|Any CPU.ActiveCfg = Release|Any CPU
		{BDA42C9F-2943-4A26-B89A-9F1511969D14}.Release|Any CPU.Build.0 = Release|Any CPU
		{828B6CAD-2692-4055-B91F-36B2F9F7D260}.Debug|Any CPU.ActiveCfg = Debug|Any CPU
		{828B6CAD-2692-4055-B91F-36B2F9F7D260}.Debug|Any CPU.Build.0 = Debug|Any CPU
		{828B6CAD-2692-4055-B91F-36B2F9F7D260}.Release|Any CPU.ActiveCfg = Release|Any CPU
		{828B6CAD-2692-4055-B91F-36B2F9F7D260}.Release|Any CPU.Build.0 = Release|Any CPU
		{8A4E364B-2C71-4706-8386-98E5DA6AA282}.Debug|Any CPU.ActiveCfg = Debug|Any CPU
		{8A4E364B-2C71-4706-8386-98E5DA6AA282}.Debug|Any CPU.Build.0 = Debug|Any CPU
		{8A4E364B-2C71-4706-8386-98E5DA6AA282}.Release|Any CPU.ActiveCfg = Release|Any CPU
		{8A4E364B-2C71-4706-8386-98E5DA6AA282}.Release|Any CPU.Build.0 = Release|Any CPU
	EndGlobalSection
	GlobalSection(SolutionProperties) = preSolution
		HideSolutionNode = FALSE
	EndGlobalSection
EndGlobal
